
Microsoft Visual Studio Solution File, Format Version 12.00
# Visual Studio Version 16
VisualStudioVersion = 25.0.1700.0
MinimumVisualStudioVersion = 10.0.40219.1
Project("{FAE04EC0-301F-11D3-BF4B-00C04F79EFBC}") = "OperatorsExercise", "OperatorsExercise\OperatorsExercise.csproj", "{459659F1-C51B-4873-A7BD-AEDEC43747B4}"
EndProject
Global
	GlobalSection(SolutionConfigurationPlatforms) = preSolution
		Debug|Any CPU = Debug|Any CPU
		Release|Any CPU = Release|Any CPU
	EndGlobalSection
	GlobalSection(ProjectConfigurationPlatforms) = postSolution
		{459659F1-C51B-4873-A7BD-AEDEC43747B4}.Debug|Any CPU.ActiveCfg = Debug|Any CPU
		{459659F1-C51B-4873-A7BD-AEDEC43747B4}.Debug|Any CPU.Build.0 = Debug|Any CPU
		{459659F1-C51B-4873-A7BD-AEDEC43747B4}.Release|Any CPU.ActiveCfg = Release|Any CPU
		{459659F1-C51B-4873-A7BD-AEDEC43747B4}.Release|Any CPU.Build.0 = Release|Any CPU
	EndGlobalSection
	GlobalSection(SolutionProperties) = preSolution
		HideSolutionNode = FALSE
	EndGlobalSection
	GlobalSection(ExtensibilityGlobals) = postSolution
		SolutionGuid = {4784B131-A16B-49A4-BCE2-BFA11E19334C}
	EndGlobalSection
EndGlobal
